github.com/fxamacker/cbor/v2 v2.7.0 h1:iM5WgngdRBanHcxugY4JySA0nk1wZorNOpTgCMedv5E=
github.com/fxamacker/cbor/v2 v2.7.0/go.mod h1:pxXPTn3joSm21Gbwsv0w9OSA2y1HFR9qXEeXQVeNoDQ=
github.com/golang-jwt/jwt/v4 v4.5.1 h1:JdqV9zKUdtaa9gdPlywC3aeoEsR681PlKC+4F5gQgeo=
github.com/golang-jwt/jwt/v4 v4.5.1/go.mod h1:m21LjoU+eqJr34lmDMbreY2eSTRJ1cv77w39/MY0Ch0=
github.com/notaryproject/tspclient-go v1.0.0-rc.1 h1:KcHxlqg6Adt4kzGLw012i0YMLlwGwToiR129c6IQ7Ys=
github.com/notaryproject/tspclient-go v1.0.0-rc.1/go.mod h1:LGyA/6Kwd2FlM0uk8Vc5il3j0CddbWSHBj/4kxQDbjs=
github.com/veraison/go-cose v1.3.0 h1:2/H5w8kdSpQJyVtIhx8gmwPJ2uSz1PkyWFx0idbd7rk=
github.com/veraison/go-cose v1.3.0/go.mod h1:df09OV91aHoQWLmy1KsDdYiagtXgyAwAl8vFeFn1gMc=
github.com/x448/float16 v0.8.4 h1:qLwI1I70+NjRFUR3zs1JPUCgaCXSh3SW62uAKT1mSBM=
github.com/x448/float16 v0.8.4/go.mod h1:14CWIYCyZA/cWjXOioeEpHeN/83MdbZDRQHoFcYsOfg=
golang.org/x/crypto v0.29.0 h1:L5SG1JTTXupVV3n6sUqMTeWbjAyfPwoda2DLX8J8FrQ=
golang.org/x/crypto v0.29.0/go.mod h1:+F4F4N5hv6v38hfeYwTdx20oUvLLc+QfrE9Ax9HtgRg=
